
Microsoft Visual Studio Solution File, Format Version 12.00
# Visual Studio Version 17
VisualStudioVersion = 17.1.32210.238
MinimumVisualStudioVersion = 10.0.40219.1
Project("{9A19103F-16F7-4668-BE54-9A1E7A4F7556}") = "IINACT", "IINACT\IINACT.csproj", "{260F5F39-62F5-40B6-B2B5-5FCE80363DA7}"
EndProject
Project("{9A19103F-16F7-4668-BE54-9A1E7A4F7556}") = "NotACT", "NotACT\NotACT.csproj", "{0DCFADA7-DBF4-476E-9B15-5C5DE32DCBA6}"
EndProject
Project("{9A19103F-16F7-4668-BE54-9A1E7A4F7556}") = "OverlayPlugin.Common", "OverlayPlugin.Common\OverlayPlugin.Common.csproj", "{423FCBFC-DD3B-415F-BE29-7A4A46614B79}"
EndProject
Project("{9A19103F-16F7-4668-BE54-9A1E7A4F7556}") = "OverlayPlugin.Core", "OverlayPlugin.Core\OverlayPlugin.Core.csproj", "{DD6D2A9A-4AD4-47B8-A1D0-C8608EA37092}"
EndProject
Project("{9A19103F-16F7-4668-BE54-9A1E7A4F7556}") = "FetchDependencies", "FetchDependencies\FetchDependencies.csproj", "{4EDF0EAF-0BC8-40CB-A2D1-F4A207770002}"
EndProject
Global
	GlobalSection(SolutionConfigurationPlatforms) = preSolution
		Debug|Any CPU = Debug|Any CPU
		Release|Any CPU = Release|Any CPU
	EndGlobalSection
	GlobalSection(ProjectConfigurationPlatforms) = postSolution
		{260F5F39-62F5-40B6-B2B5-5FCE80363DA7}.Debug|Any CPU.ActiveCfg = Debug|Any CPU
		{260F5F39-62F5-40B6-B2B5-5FCE80363DA7}.Debug|Any CPU.Build.0 = Debug|Any CPU
		{260F5F39-62F5-40B6-B2B5-5FCE80363DA7}.Release|Any CPU.ActiveCfg = Release|Any CPU
		{260F5F39-62F5-40B6-B2B5-5FCE80363DA7}.Release|Any CPU.Build.0 = Release|Any CPU
		{0DCFADA7-DBF4-476E-9B15-5C5DE32DCBA6}.Debug|Any CPU.ActiveCfg = Debug|Any CPU
		{0DCFADA7-DBF4-476E-9B15-5C5DE32DCBA6}.Debug|Any CPU.Build.0 = Debug|Any CPU
		{0DCFADA7-DBF4-476E-9B15-5C5DE32DCBA6}.Release|Any CPU.ActiveCfg = Release|Any CPU
		{0DCFADA7-DBF4-476E-9B15-5C5DE32DCBA6}.Release|Any CPU.Build.0 = Release|Any CPU
		{423FCBFC-DD3B-415F-BE29-7A4A46614B79}.Debug|Any CPU.ActiveCfg = Debug|Any CPU
		{423FCBFC-DD3B-415F-BE29-7A4A46614B79}.Debug|Any CPU.Build.0 = Debug|Any CPU
		{423FCBFC-DD3B-415F-BE29-7A4A46614B79}.Release|Any CPU.ActiveCfg = Release|Any CPU
		{423FCBFC-DD3B-415F-BE29-7A4A46614B79}.Release|Any CPU.Build.0 = Release|Any CPU
		{DD6D2A9A-4AD4-47B8-A1D0-C8608EA37092}.Debug|Any CPU.ActiveCfg = Debug|Any CPU
		{DD6D2A9A-4AD4-47B8-A1D0-C8608EA37092}.Debug|Any CPU.Build.0 = Debug|Any CPU
		{DD6D2A9A-4AD4-47B8-A1D0-C8608EA37092}.Release|Any CPU.ActiveCfg = Release|Any CPU
		{DD6D2A9A-4AD4-47B8-A1D0-C8608EA37092}.Release|Any CPU.Build.0 = Release|Any CPU
		{4EDF0EAF-0BC8-40CB-A2D1-F4A207770002}.Debug|Any CPU.ActiveCfg = Debug|Any CPU
		{4EDF0EAF-0BC8-40CB-A2D1-F4A207770002}.Debug|Any CPU.Build.0 = Debug|Any CPU
		{4EDF0EAF-0BC8-40CB-A2D1-F4A207770002}.Release|Any CPU.ActiveCfg = Release|Any CPU
		{4EDF0EAF-0BC8-40CB-A2D1-F4A207770002}.Release|Any CPU.Build.0 = Release|Any CPU
		{38F9CA44-D795-4F78-8DFC-5D555CDEC4F5}.Debug|Any CPU.ActiveCfg = Debug|Any CPU
		{38F9CA44-D795-4F78-8DFC-5D555CDEC4F5}.Debug|Any CPU.Build.0 = Debug|Any CPU
		{38F9CA44-D795-4F78-8DFC-5D555CDEC4F5}.Release|Any CPU.ActiveCfg = Release|Any CPU
		{38F9CA44-D795-4F78-8DFC-5D555CDEC4F5}.Release|Any CPU.Build.0 = Release|Any CPU
		{1AAD30B3-55ED-4C10-94BF-41889B6BD44A}.Debug|Any CPU.ActiveCfg = Debug|Any CPU
		{1AAD30B3-55ED-4C10-94BF-41889B6BD44A}.Debug|Any CPU.Build.0 = Debug|Any CPU
		{1AAD30B3-55ED-4C10-94BF-41889B6BD44A}.Release|Any CPU.ActiveCfg = Release|Any CPU
		{1AAD30B3-55ED-4C10-94BF-41889B6BD44A}.Release|Any CPU.Build.0 = Release|Any CPU
	EndGlobalSection
	GlobalSection(SolutionProperties) = preSolution
		HideSolutionNode = FALSE
	EndGlobalSection
	GlobalSection(ExtensibilityGlobals) = postSolution
		SolutionGuid = {465F1BA3-0419-46B3-AE0C-39701F2F6A79}
	EndGlobalSection
EndGlobal
