{
  "version": 1,
  "dependencies": {
    "net9.0-windows7.0": {
      "DalamudPackager": {
        "type": "Direct",
        "requested": "[13.0.0, )",
        "resolved": "13.0.0",
        "contentHash": "Mb3cUDSK/vDPQ8gQIeuCw03EMYrej1B4J44a1AvIJ9C759p9XeqdU9Hg4WgOmlnlPe0G7ILTD32PKSUpkQNa8w=="
      },
      "Microsoft.Windows.CsWin32": {
        "type": "Direct",
        "requested": "[0.3.183, )",
        "resolved": "0.3.183",
        "contentHash": "Ze3aE2y7xgzKxEWtNb4SH0CExXpCHr3sbmwnvMiWMzJhWDX/G4Rs5wgg2UNs3VN+qVHh/DkDWLCPaVQv/b//Nw==",
        "dependencies": {
          "Microsoft.Windows.SDK.Win32Docs": "0.1.42-alpha",
          "Microsoft.Windows.SDK.Win32Metadata": "61.0.15-preview",
          "Microsoft.Windows.WDK.Win32Metadata": "0.12.8-experimental"
        }
      },
      "NAudio": {
        "type": "Direct",
        "requested": "[2.2.1, )",
        "resolved": "2.2.1",
        "contentHash": "c0DzwiyyklM0TP39Y7RObwO3QkWecgM6H60ikiEnsV/aEAJPbj5MFCLaD8BSfKuZe0HGuh9GRGWWlJmSxDc9MA==",
        "dependencies": {
          "NAudio.Asio": "2.2.1",
          "NAudio.Core": "2.2.1",
          "NAudio.Midi": "2.2.1",
          "NAudio.Wasapi": "2.2.1",
          "NAudio.WinForms": "2.2.1",
          "NAudio.WinMM": "2.2.1"
        }
      },
      "System.Speech": {
        "type": "Direct",
        "requested": "[10.0.0, )",
        "resolved": "10.0.0",
        "contentHash": "nHlCdjoeReiSx4kzgPEwPRlbOAyuVFwndXTZZT+CLnHb8UIfB+YMgpQjQ7faYvs3xU8wyvpb6dt+U+HwdlbG7w=="
      },
      "Unscrambler.XIV": {
        "type": "Direct",
        "requested": "[7.38.0, )",
        "resolved": "7.38.0",
        "contentHash": "9sIh/aFlNybZqJaZzRgxI7M0l6dF+iVgtI6Qi/vFf+66gbbwtEXX7t9e/GpoB5xejv4YcU4Efd0e3XDCxOsMSA=="
      },
      "Microsoft.CSharp": {
        "type": "Transitive",
        "resolved": "4.7.0",
        "contentHash": "pTj+D3uJWyN3My70i2Hqo+OXixq3Os2D1nJ2x92FFo6sk8fYS1m1WLNTs0Dc1uPaViH0YvEEwvzddQ7y4rhXmA=="
      },
      "Microsoft.Extensions.ObjectPool": {
        "type": "Transitive",
        "resolved": "9.0.9",
        "contentHash": "jYZSlGBpPzqWr3mc7cf/YNTY45ys7FIaziQtHAK3sWtd5v4ehpowBmrL2aOSizfM7Q326PDw2P100ILpdEbhzg=="
      },
      "Microsoft.NETCore.Platforms": {
        "type": "Transitive",
        "resolved": "3.1.0",
        "contentHash": "z7aeg8oHln2CuNulfhiLYxCVMPEwBl3rzicjvIX+4sUuCwvXw5oXQEtbiU2c0z4qYL5L3Kmx0mMA/+t/SbY67w=="
      },
      "Microsoft.Win32.Registry": {
        "type": "Transitive",
        "resolved": "4.7.0",
        "contentHash": "KSrRMb5vNi0CWSGG1++id2ZOs/1QhRqROt+qgbEAdQuGjGrFcl4AOl4/exGPUYz2wUnU42nvJqon1T3U0kPXLA==",
        "dependencies": {
          "System.Security.AccessControl": "4.7.0",
          "System.Security.Principal.Windows": "4.7.0"
        }
      },
      "Microsoft.Windows.SDK.Win32Docs": {
        "type": "Transitive",
        "resolved": "0.1.42-alpha",
        "contentHash": "Z/9po23gUA9aoukirh2ItMU2ZS9++Js9Gdds9fu5yuMojDrmArvY2y+tq9985tR3cxFxpZO1O35Wjfo0khj5HA=="
      },
      "Microsoft.Windows.SDK.Win32Metadata": {
        "type": "Transitive",
        "resolved": "61.0.15-preview",
        "contentHash": "cysex3dazKtCPALCluC2XX3f5Aedy9H2pw5jb+TW5uas2rkem1Z7FRnbUrg2vKx0pk0Qz+4EJNr37HdYTEcvEQ=="
      },
      "Microsoft.Windows.WDK.Win32Metadata": {
        "type": "Transitive",
        "resolved": "0.12.8-experimental",
        "contentHash": "3n8R44/Z96Ly+ty4eYVJfESqbzvpw96lRLs3zOzyDmr1x1Kw7FNn5CyE416q+bZQV3e1HRuMUvyegMeRE/WedA==",
        "dependencies": {
          "Microsoft.Windows.SDK.Win32Metadata": "61.0.15-preview"
        }
      },
      "NAudio.Asio": {
        "type": "Transitive",
        "resolved": "2.2.1",
        "contentHash": "hQglyOT5iT3XuGpBP8ZG0+aoqwRfidHjTNehpoWwX0g6KJEgtH2VaqM2nuJ2mheKZa/IBqB4YQTZVvrIapzfOA==",
        "dependencies": {
          "Microsoft.Win32.Registry": "4.7.0",
          "NAudio.Core": "2.2.1"
        }
      },
      "NAudio.Core": {
        "type": "Transitive",
        "resolved": "2.2.1",
        "contentHash": "GgkdP6K/7FqXFo7uHvoqGZTJvW4z8g2IffhOO4JHaLzKCdDOUEzVKtveoZkCuUX8eV2HAINqi7VFqlFndrnz/g=="
      },
      "NAudio.Midi": {
        "type": "Transitive",
        "resolved": "2.2.1",
        "contentHash": "6r23ylGo5aeP02WFXsPquz0T0hFJWyh+7t++tz19tc3Kr38NHm+Z9j+FiAv+xkH8tZqXJqus9Q8p6u7bidIgbw==",
        "dependencies": {
          "NAudio.Core": "2.2.1"
        }
      },
      "NAudio.Wasapi": {
        "type": "Transitive",
        "resolved": "2.2.1",
        "contentHash": "lFfXoqacZZe0WqNChJgGYI+XV/n/61LzPHT3C1CJp4khoxeo2sziyX5wzNYWeCMNbsWxFvT3b3iXeY1UYjBhZw==",
        "dependencies": {
          "NAudio.Core": "2.2.1"
        }
      },
      "NAudio.WinForms": {
        "type": "Transitive",
        "resolved": "2.2.1",
        "contentHash": "DlDkewY1myY0A+3NrYRJD+MZhZV0yy1mNF6dckB27IQ9XCs/My5Ip8BZcoSHOsaPSe2GAjvoaDnk6N9w8xTv7w==",
        "dependencies": {
          "NAudio.WinMM": "2.2.1"
        }
      },
      "NAudio.WinMM": {
        "type": "Transitive",
        "resolved": "2.2.1",
        "contentHash": "xFHRFwH4x6aq3IxRbewvO33ugJRvZFEOfO62i7uQJRUNW2cnu6BeBTHUS0JD5KBucZbHZaYqxQG8dwZ47ezQuQ==",
        "dependencies": {
          "Microsoft.Win32.Registry": "4.7.0",
          "NAudio.Core": "2.2.1"
        }
      },
      "NetCoreServer": {
        "type": "Transitive",
        "resolved": "8.0.7",
        "contentHash": "BhNiJ6EVxKS1eKqlHINy7BruLDc+xCH59oZxu7d2Hve8CzFki69PumVlf6vyAQvIVfxbZiHw/FI3UHNnMajuVg=="
      },
      "System.Data.DataSetExtensions": {
        "type": "Transitive",
        "resolved": "4.5.0",
        "contentHash": "221clPs1445HkTBZPL+K9sDBdJRB8UN8rgjO3ztB0CQ26z//fmJXtlsr6whGatscsKGBrhJl5bwJuKSA8mwFOw=="
      },
      "System.Security.AccessControl": {
        "type": "Transitive",
        "resolved": "4.7.0",
        "contentHash": "JECvTt5aFF3WT3gHpfofL2MNNP6v84sxtXxpqhLBCcDRzqsPBmHhQ6shv4DwwN2tRlzsUxtb3G9M3763rbXKDg==",
        "dependencies": {
          "Microsoft.NETCore.Platforms": "3.1.0",
          "System.Security.Principal.Windows": "4.7.0"
        }
      },
      "System.Security.Principal.Windows": {
        "type": "Transitive",
        "resolved": "4.7.0",
        "contentHash": "ojD0PX0XhneCsUbAZVKdb7h/70vyYMDYs85lwEI+LngEONe/17A0cFaRFqZU+sOEidcVswYWikYOQ9PPfjlbtQ=="
      },
      "Advanced Combat Tracker": {
        "type": "Project"
      },
      "fetchdependencies": {
        "type": "Project"
      },
      "machina": {
        "type": "Project"
      },
      "machina.ffxiv": {
        "type": "Project",
        "dependencies": {
          "Machina": "[2.3.1.3, )"
        }
      },
      "overlayplugin.common": {
        "type": "Project",
        "dependencies": {
          "Advanced Combat Tracker": "[6.9.0, )",
          "Microsoft.CSharp": "[4.7.0, )",
          "System.Data.DataSetExtensions": "[4.5.0, )"
        }
      },
      "overlayplugin.core": {
        "type": "Project",
        "dependencies": {
          "Machina": "[2.3.1.3, )",
          "Machina.FFXIV": "[2.4.4, )",
          "Microsoft.CSharp": "[4.7.0, )",
          "Microsoft.Extensions.ObjectPool": "[9.0.9, )",
          "NetCoreServer": "[8.0.7, )",
          "OverlayPlugin.Common": "[1.0.0, )",
          "System.Data.DataSetExtensions": "[4.5.0, )"
        }
      }
    },
    "net9.0-windows7.0/win-x64": {
      "System.Speech": {
        "type": "Direct",
        "requested": "[10.0.0, )",
        "resolved": "10.0.0",
        "contentHash": "nHlCdjoeReiSx4kzgPEwPRlbOAyuVFwndXTZZT+CLnHb8UIfB+YMgpQjQ7faYvs3xU8wyvpb6dt+U+HwdlbG7w=="
      },
      "Microsoft.Win32.Registry": {
        "type": "Transitive",
        "resolved": "4.7.0",
        "contentHash": "KSrRMb5vNi0CWSGG1++id2ZOs/1QhRqROt+qgbEAdQuGjGrFcl4AOl4/exGPUYz2wUnU42nvJqon1T3U0kPXLA==",
        "dependencies": {
          "System.Security.AccessControl": "4.7.0",
          "System.Security.Principal.Windows": "4.7.0"
        }
      },
      "System.Security.AccessControl": {
        "type": "Transitive",
        "resolved": "4.7.0",
        "contentHash": "JECvTt5aFF3WT3gHpfofL2MNNP6v84sxtXxpqhLBCcDRzqsPBmHhQ6shv4DwwN2tRlzsUxtb3G9M3763rbXKDg==",
        "dependencies": {
          "Microsoft.NETCore.Platforms": "3.1.0",
          "System.Security.Principal.Windows": "4.7.0"
        }
      },
      "System.Security.Principal.Windows": {
        "type": "Transitive",
        "resolved": "4.7.0",
        "contentHash": "ojD0PX0XhneCsUbAZVKdb7h/70vyYMDYs85lwEI+LngEONe/17A0cFaRFqZU+sOEidcVswYWikYOQ9PPfjlbtQ=="
      }
    }
  }
}