{
  "version": 1,
  "dependencies": {
    "net7.0-windows7.0": {
      "Mono.Cecil": {
        "type": "Direct",
        "requested": "[0.11.4, )",
        "resolved": "0.11.4",
        "contentHash": "IC1h5g0NeJGHIUgzM1P82ld57knhP0IcQfrYITDPXlNpMYGUrsG5TxuaWTjaeqDNQMBDNZkB8L0rBnwsY6JHuQ=="
      }
    },
    "net7.0-windows7.0/win-x64": {}
  }
}